Microsoft Visual Studio Solution File, Format Version 12.00
# Visual Studio Version 17
VisualStudioVersion = 17.6.33829.357
MinimumVisualStudioVersion = 10.0.40219.1
Project("{9A19103F-16F7-4668-BE54-9A1E7A4F7556}") = "Components", "Components\Components.csproj", "{12788937-1DA2-41A0-A073-78D8FD426F71}"
EndProject
Project("{9A19103F-16F7-4668-BE54-9A1E7A4F7556}") = "Language", "Language\Language.csproj", "{D55E8485-0570-417B-8070-3BA706E9BEB8}"
EndProject
Global
	GlobalSection(SolutionConfigurationPlatforms) = preSolution
		Debug|Any CPU = Debug|Any CPU
		Release|Any CPU = Release|Any CPU
	EndGlobalSection
	GlobalSection(ProjectConfigurationPlatforms) = postSolution
		{12788937-1DA2-41A0-A073-78D8FD426F71}.Debug|Any CPU.ActiveCfg = Debug|Any CPU
		{12788937-1DA2-41A0-A073-78D8FD426F71}.Debug|Any CPU.Build.0 = Debug|Any CPU
		{12788937-1DA2-41A0-A073-78D8FD426F71}.Release|Any CPU.ActiveCfg = Release|Any CPU
		{12788937-1DA2-41A0-A073-78D8FD426F71}.Release|Any CPU.Build.0 = Release|Any CPU
		{D55E8485-0570-417B-8070-3BA706E9BEB8}.Debug|Any CPU.ActiveCfg = Debug|Any CPU
		{D55E8485-0570-417B-8070-3BA706E9BEB8}.Debug|Any CPU.Build.0 = Debug|Any CPU
		{D55E8485-0570-417B-8070-3BA706E9BEB8}.Release|Any CPU.ActiveCfg = Release|Any CPU
		{D55E8485-0570-417B-8070-3BA706E9BEB8}.Release|Any CPU.Build.0 = Release|Any CPU
	EndGlobalSection
	GlobalSection(SolutionProperties) = preSolution
		HideSolutionNode = FALSE
	EndGlobalSection
	GlobalSection(ExtensibilityGlobals) = postSolution
		SolutionGuid = {072E1ECC-591A-43F1-95EB-B888C7D600CA}
	EndGlobalSection
	GlobalSection(MonoDevelopProperties) = preSolution
		StartupItem = Language\MayaLanguage.csproj
	EndGlobalSection
EndGlobal
